
Microsoft Visual Studio Solution File, Format Version 11.00
# Visual Studio 2010
Project("{FAE04EC0-301F-11D3-BF4B-00C04F79EFBC}") = "Assembly-CSharp", "Assembly-CSharp.csproj", "{255BD99F-102B-7CC7-8B8F-3E712E8E0592}"
EndProject
Global
	GlobalSection(SolutionConfigurationPlatforms) = preSolution
		Debug|Any CPU = Debug|Any CPU
		Release|Any CPU = Release|Any CPU
	EndGlobalSection
	GlobalSection(ProjectConfigurationPlatforms) = postSolution
		{255BD99F-102B-7CC7-8B8F-3E712E8E0592}.Debug|Any CPU.ActiveCfg = Debug|Any CPU
		{255BD99F-102B-7CC7-8B8F-3E712E8E0592}.Debug|Any CPU.Build.0 = Debug|Any CPU
		{255BD99F-102B-7CC7-8B8F-3E712E8E0592}.Release|Any CPU.ActiveCfg = Release|Any CPU
		{255BD99F-102B-7CC7-8B8F-3E712E8E0592}.Release|Any CPU.Build.0 = Release|Any CPU
	EndGlobalSection
	GlobalSection(SolutionProperties) = preSolution
		HideSolutionNode = FALSE
	EndGlobalSection
	GlobalSection(MonoDevelopProperties) = preSolution
		StartupItem = Assembly-CSharp.csproj
	EndGlobalSection
EndGlobal
